
Microsoft Visual Studio Solution File, Format Version 12.00
# Visual Studio Version 17
VisualStudioVersion = 17.13.35913.81
MinimumVisualStudioVersion = 10.0.40219.1
Project("{FAE04EC0-301F-11D3-BF4B-00C04F79EFBC}") = "MyCleanArchTemplate", "MyCleanArchTemplate\MyCleanArchTemplate.csproj", "{ABF8A20C-A0E3-4E5C-A721-2CABB8E0785A}"
EndProject
Project("{2150E333-8FDC-42A3-9474-1A3956D46DE8}") = "src", "src", "{02EA681E-C7D8-13C7-8484-4AC65E1B71E8}"
EndProject
Global
	GlobalSection(SolutionConfigurationPlatforms) = preSolution
		Debug|Any CPU = Debug|Any CPU
		Release|Any CPU = Release|Any CPU
	EndGlobalSection
	GlobalSection(ProjectConfigurationPlatforms) = postSolution
		{ABF8A20C-A0E3-4E5C-A721-2CABB8E0785A}.Debug|Any CPU.ActiveCfg = Debug|Any CPU
		{ABF8A20C-A0E3-4E5C-A721-2CABB8E0785A}.Debug|Any CPU.Build.0 = Debug|Any CPU
		{ABF8A20C-A0E3-4E5C-A721-2CABB8E0785A}.Release|Any CPU.ActiveCfg = Release|Any CPU
		{ABF8A20C-A0E3-4E5C-A721-2CABB8E0785A}.Release|Any CPU.Build.0 = Release|Any CPU
	EndGlobalSection
	GlobalSection(SolutionProperties) = preSolution
		HideSolutionNode = FALSE
	EndGlobalSection
	GlobalSection(NestedProjects) = preSolution
		{ABF8A20C-A0E3-4E5C-A721-2CABB8E0785A} = {02EA681E-C7D8-13C7-8484-4AC65E1B71E8}
	EndGlobalSection
	GlobalSection(ExtensibilityGlobals) = postSolution
		SolutionGuid = {F9DD0BCC-E0CB-4999-AFF7-0A5E811A6CD6}
	EndGlobalSection
EndGlobal
